
Microsoft Visual Studio Solution File, Format Version 12.00
# Visual Studio Version 16
VisualStudioVersion = 16.0.30309.148
MinimumVisualStudioVersion = 10.0.40219.1
Project("{FAE04EC0-301F-11D3-BF4B-00C04F79EFBC}") = "EmployeeWebAPI", "EmployeeWebAPI.csproj", "{3E50CA17-FEB1-4FBB-95A7-CC8055ED0435}"
EndProject
Global
	GlobalSection(SolutionConfigurationPlatforms) = preSolution
		Debug|Any CPU = Debug|Any CPU
		Release|Any CPU = Release|Any CPU
	EndGlobalSection
	GlobalSection(ProjectConfigurationPlatforms) = postSolution
		{3E50CA17-FEB1-4FBB-95A7-CC8055ED0435}.Debug|Any CPU.ActiveCfg = Debug|Any CPU
		{3E50CA17-FEB1-4FBB-95A7-CC8055ED0435}.Debug|Any CPU.Build.0 = Debug|Any CPU
		{3E50CA17-FEB1-4FBB-95A7-CC8055ED0435}.Release|Any CPU.ActiveCfg = Release|Any CPU
		{3E50CA17-FEB1-4FBB-95A7-CC8055ED0435}.Release|Any CPU.Build.0 = Release|Any CPU
	EndGlobalSection
	GlobalSection(SolutionProperties) = preSolution
		HideSolutionNode = FALSE
	EndGlobalSection
	GlobalSection(ExtensibilityGlobals) = postSolution
		SolutionGuid = {748D5661-6D82-4B62-926B-F3DA31BFE5CD}
	EndGlobalSection
EndGlobal
